
Microsoft Visual Studio Solution File, Format Version 12.00
# Visual Studio 15
VisualStudioVersion = 15.0.27703.2035
MinimumVisualStudioVersion = 10.0.40219.1
Project("{FAE04EC0-301F-11D3-BF4B-00C04F79EFBC}") = "SivalaiDartmouth", "SivalaiDartmouth\SivalaiDartmouth.csproj", "{0E0045A0-42BD-408E-9663-7D964988C784}"
EndProject
Global
	GlobalSection(SolutionConfigurationPlatforms) = preSolution
		Debug|Any CPU = Debug|Any CPU
		Release|Any CPU = Release|Any CPU
	EndGlobalSection
	GlobalSection(ProjectConfigurationPlatforms) = postSolution
		{0E0045A0-42BD-408E-9663-7D964988C784}.Debug|Any CPU.ActiveCfg = Debug|Any CPU
		{0E0045A0-42BD-408E-9663-7D964988C784}.Debug|Any CPU.Build.0 = Debug|Any CPU
		{0E0045A0-42BD-408E-9663-7D964988C784}.Release|Any CPU.ActiveCfg = Release|Any CPU
		{0E0045A0-42BD-408E-9663-7D964988C784}.Release|Any CPU.Build.0 = Release|Any CPU
	EndGlobalSection
	GlobalSection(SolutionProperties) = preSolution
		HideSolutionNode = FALSE
	EndGlobalSection
	GlobalSection(ExtensibilityGlobals) = postSolution
		SolutionGuid = {86535DE2-8EBF-464E-87C7-E181DA925388}
	EndGlobalSection
EndGlobal
